Microsoft Visual Studio Solution File, Format Version 11.00
# Visual Studio 2008

Project("{BA3A102C-AF68-AB7B-246B-E92B917E377E}") = "Tower-Defense", "Assembly-CSharp-firstpass.csproj", "{E47A0FCA-D7E0-BF8F-E4A2-81B35CEDBDE4}"
EndProject
Project("{BA3A102C-AF68-AB7B-246B-E92B917E377E}") = "Tower-Defense", "Assembly-CSharp.csproj", "{9B282EBB-F650-CE4C-3165-30EC9E911FE9}"
EndProject
Project("{BA3A102C-AF68-AB7B-246B-E92B917E377E}") = "Tower-Defense", "Assembly-CSharp-Editor.csproj", "{0FED2E11-7FA6-E16A-67E7-6FD31CE210A8}"
EndProject
Project("{BA3A102C-AF68-AB7B-246B-E92B917E377E}") = "Tower-Defense", "Assembly-UnityScript-firstpass.unityproj", "{56CF48BB-6862-E849-59E6-11F6EA07F882}"
EndProject
Project("{BA3A102C-AF68-AB7B-246B-E92B917E377E}") = "Tower-Defense", "Assembly-UnityScript.unityproj", "{BB2D164D-202A-56D3-6605-55AD6BFBDE92}"
EndProject
Global
	GlobalSection(SolutionConfigurationPlatforms) = preSolution
		Debug|Any CPU = Debug|Any CPU
		Release|Any CPU = Release|Any CPU
	EndGlobalSection
	GlobalSection(ProjectConfigurationPlatforms) = postSolution
		{E47A0FCA-D7E0-BF8F-E4A2-81B35CEDBDE4}.Debug|Any CPU.ActiveCfg = Debug|Any CPU
		{E47A0FCA-D7E0-BF8F-E4A2-81B35CEDBDE4}.Debug|Any CPU.Build.0 = Debug|Any CPU
		{E47A0FCA-D7E0-BF8F-E4A2-81B35CEDBDE4}.Release|Any CPU.ActiveCfg = Release|Any CPU
		{E47A0FCA-D7E0-BF8F-E4A2-81B35CEDBDE4}.Release|Any CPU.Build.0 = Release|Any CPU
		{9B282EBB-F650-CE4C-3165-30EC9E911FE9}.Debug|Any CPU.ActiveCfg = Debug|Any CPU
		{9B282EBB-F650-CE4C-3165-30EC9E911FE9}.Debug|Any CPU.Build.0 = Debug|Any CPU
		{9B282EBB-F650-CE4C-3165-30EC9E911FE9}.Release|Any CPU.ActiveCfg = Release|Any CPU
		{9B282EBB-F650-CE4C-3165-30EC9E911FE9}.Release|Any CPU.Build.0 = Release|Any CPU
		{0FED2E11-7FA6-E16A-67E7-6FD31CE210A8}.Debug|Any CPU.ActiveCfg = Debug|Any CPU
		{0FED2E11-7FA6-E16A-67E7-6FD31CE210A8}.Debug|Any CPU.Build.0 = Debug|Any CPU
		{0FED2E11-7FA6-E16A-67E7-6FD31CE210A8}.Release|Any CPU.ActiveCfg = Release|Any CPU
		{0FED2E11-7FA6-E16A-67E7-6FD31CE210A8}.Release|Any CPU.Build.0 = Release|Any CPU
		{56CF48BB-6862-E849-59E6-11F6EA07F882}.Debug|Any CPU.ActiveCfg = Debug|Any CPU
		{56CF48BB-6862-E849-59E6-11F6EA07F882}.Debug|Any CPU.Build.0 = Debug|Any CPU
		{56CF48BB-6862-E849-59E6-11F6EA07F882}.Release|Any CPU.ActiveCfg = Release|Any CPU
		{56CF48BB-6862-E849-59E6-11F6EA07F882}.Release|Any CPU.Build.0 = Release|Any CPU
		{BB2D164D-202A-56D3-6605-55AD6BFBDE92}.Debug|Any CPU.ActiveCfg = Debug|Any CPU
		{BB2D164D-202A-56D3-6605-55AD6BFBDE92}.Debug|Any CPU.Build.0 = Debug|Any CPU
		{BB2D164D-202A-56D3-6605-55AD6BFBDE92}.Release|Any CPU.ActiveCfg = Release|Any CPU
		{BB2D164D-202A-56D3-6605-55AD6BFBDE92}.Release|Any CPU.Build.0 = Release|Any CPU
	EndGlobalSection
	GlobalSection(SolutionProperties) = preSolution
		HideSolutionNode = FALSE
	EndGlobalSection
																											GlobalSection(MonoDevelopProperties) = preSolution
		StartupItem = Assembly-CSharp.csproj
		Policies = $0
		$0.TextStylePolicy = $1
		$1.inheritsSet = null
		$1.scope = text/x-csharp
		$0.CSharpFormattingPolicy = $2
		$2.inheritsSet = Mono
		$2.inheritsScope = text/x-csharp
		$2.scope = text/x-csharp
		$0.TextStylePolicy = $3
		$3.FileWidth = 120
		$3.TabWidth = 4
		$3.EolMarker = Unix
		$3.inheritsSet = Mono
		$3.inheritsScope = text/plain
		$3.scope = text/plain
	EndGlobalSection

EndGlobal
